
Microsoft Visual Studio Solution File, Format Version 12.00
# Visual Studio Version 17
VisualStudioVersion = 17.7.34031.279
MinimumVisualStudioVersion = 10.0.40219.1
Project("{FAE04EC0-301F-11D3-BF4B-00C04F79EFBC}") = "laba6new", "laba6new.csproj", "{70339625-5FE5-412D-9D99-83704340BF59}"
EndProject
Global
	GlobalSection(SolutionConfigurationPlatforms) = preSolution
		Debug|Any CPU = Debug|Any CPU
		Release|Any CPU = Release|Any CPU
	EndGlobalSection
	GlobalSection(ProjectConfigurationPlatforms) = postSolution
		{70339625-5FE5-412D-9D99-83704340BF59}.Debug|Any CPU.ActiveCfg = Debug|Any CPU
		{70339625-5FE5-412D-9D99-83704340BF59}.Debug|Any CPU.Build.0 = Debug|Any CPU
		{70339625-5FE5-412D-9D99-83704340BF59}.Release|Any CPU.ActiveCfg = Release|Any CPU
		{70339625-5FE5-412D-9D99-83704340BF59}.Release|Any CPU.Build.0 = Release|Any CPU
	EndGlobalSection
	GlobalSection(SolutionProperties) = preSolution
		HideSolutionNode = FALSE
	EndGlobalSection
	GlobalSection(ExtensibilityGlobals) = postSolution
		SolutionGuid = {8D3748C3-B4D9-479B-A13C-716652D62FC7}
	EndGlobalSection
EndGlobal
