
Microsoft Visual Studio Solution File, Format Version 12.00
# Visual Studio Version 17
VisualStudioVersion = 17.7.34024.191
MinimumVisualStudioVersion = 10.0.40219.1
Project("{FAE04EC0-301F-11D3-BF4B-00C04F79EFBC}") = "FunctionApp1", "FunctionApp1\FunctionApp1.csproj", "{BEBDDE49-4FC6-40ED-9E78-597C3CC50DFA}"
EndProject
Global
	GlobalSection(SolutionConfigurationPlatforms) = preSolution
		Debug|Any CPU = Debug|Any CPU
		Release|Any CPU = Release|Any CPU
	EndGlobalSection
	GlobalSection(ProjectConfigurationPlatforms) = postSolution
		{BEBDDE49-4FC6-40ED-9E78-597C3CC50DFA}.Debug|Any CPU.ActiveCfg = Debug|Any CPU
		{BEBDDE49-4FC6-40ED-9E78-597C3CC50DFA}.Debug|Any CPU.Build.0 = Debug|Any CPU
		{BEBDDE49-4FC6-40ED-9E78-597C3CC50DFA}.Release|Any CPU.ActiveCfg = Release|Any CPU
		{BEBDDE49-4FC6-40ED-9E78-597C3CC50DFA}.Release|Any CPU.Build.0 = Release|Any CPU
	EndGlobalSection
	GlobalSection(SolutionProperties) = preSolution
		HideSolutionNode = FALSE
	EndGlobalSection
	GlobalSection(ExtensibilityGlobals) = postSolution
		SolutionGuid = {FCA83721-C9FE-4307-AD23-7FAFA8B61D98}
	EndGlobalSection
EndGlobal
