
Microsoft Visual Studio Solution File, Format Version 12.00
# Visual Studio Version 17
VisualStudioVersion = 17.8.34601.278
MinimumVisualStudioVersion = 10.0.40219.1
Project("{FAE04EC0-301F-11D3-BF4B-00C04F79EFBC}") = "Lab8_task4", "Lab8_task4.csproj", "{3A751FA1-F288-42F4-AF42-93C16CACCE87}"
EndProject
Global
	GlobalSection(SolutionConfigurationPlatforms) = preSolution
		Debug|Any CPU = Debug|Any CPU
		Release|Any CPU = Release|Any CPU
	EndGlobalSection
	GlobalSection(ProjectConfigurationPlatforms) = postSolution
		{3A751FA1-F288-42F4-AF42-93C16CACCE87}.Debug|Any CPU.ActiveCfg = Debug|Any CPU
		{3A751FA1-F288-42F4-AF42-93C16CACCE87}.Debug|Any CPU.Build.0 = Debug|Any CPU
		{3A751FA1-F288-42F4-AF42-93C16CACCE87}.Release|Any CPU.ActiveCfg = Release|Any CPU
		{3A751FA1-F288-42F4-AF42-93C16CACCE87}.Release|Any CPU.Build.0 = Release|Any CPU
	EndGlobalSection
	GlobalSection(SolutionProperties) = preSolution
		HideSolutionNode = FALSE
	EndGlobalSection
	GlobalSection(ExtensibilityGlobals) = postSolution
		SolutionGuid = {60B5F2FA-7188-4B5B-BC69-D47553677D17}
	EndGlobalSection
EndGlobal
