
Microsoft Visual Studio Solution File, Format Version 12.00
# Visual Studio Version 17
VisualStudioVersion = 17.4.33213.308
MinimumVisualStudioVersion = 10.0.40219.1
Project("{FAE04EC0-301F-11D3-BF4B-00C04F79EFBC}") = "kr-2_28.05.24", "kr-2_28.05.24\kr-2_28.05.24.csproj", "{9967DB93-9718-47E0-81C7-C3B805FDBE87}"
EndProject
Global
	GlobalSection(SolutionConfigurationPlatforms) = preSolution
		Debug|Any CPU = Debug|Any CPU
		Release|Any CPU = Release|Any CPU
	EndGlobalSection
	GlobalSection(ProjectConfigurationPlatforms) = postSolution
		{9967DB93-9718-47E0-81C7-C3B805FDBE87}.Debug|Any CPU.ActiveCfg = Debug|Any CPU
		{9967DB93-9718-47E0-81C7-C3B805FDBE87}.Debug|Any CPU.Build.0 = Debug|Any CPU
		{9967DB93-9718-47E0-81C7-C3B805FDBE87}.Release|Any CPU.ActiveCfg = Release|Any CPU
		{9967DB93-9718-47E0-81C7-C3B805FDBE87}.Release|Any CPU.Build.0 = Release|Any CPU
	EndGlobalSection
	GlobalSection(SolutionProperties) = preSolution
		HideSolutionNode = FALSE
	EndGlobalSection
	GlobalSection(ExtensibilityGlobals) = postSolution
		SolutionGuid = {E134F6AA-2EBE-40FD-8361-F93C8D8033E2}
	EndGlobalSection
EndGlobal
