
Microsoft Visual Studio Solution File, Format Version 12.00
# Visual Studio Version 17
VisualStudioVersion = 17.4.33213.308
MinimumVisualStudioVersion = 10.0.40219.1
Project("{FAE04EC0-301F-11D3-BF4B-00C04F79EFBC}") = "kr_21.05.2024_Task1", "kr_21.05.2024_Task1\kr_21.05.2024_Task1.csproj", "{4061C47A-AA48-4DF4-B0AD-DFBA8147AB15}"
EndProject
Global
	GlobalSection(SolutionConfigurationPlatforms) = preSolution
		Debug|Any CPU = Debug|Any CPU
		Release|Any CPU = Release|Any CPU
	EndGlobalSection
	GlobalSection(ProjectConfigurationPlatforms) = postSolution
		{4061C47A-AA48-4DF4-B0AD-DFBA8147AB15}.Debug|Any CPU.ActiveCfg = Debug|Any CPU
		{4061C47A-AA48-4DF4-B0AD-DFBA8147AB15}.Debug|Any CPU.Build.0 = Debug|Any CPU
		{4061C47A-AA48-4DF4-B0AD-DFBA8147AB15}.Release|Any CPU.ActiveCfg = Release|Any CPU
		{4061C47A-AA48-4DF4-B0AD-DFBA8147AB15}.Release|Any CPU.Build.0 = Release|Any CPU
	EndGlobalSection
	GlobalSection(SolutionProperties) = preSolution
		HideSolutionNode = FALSE
	EndGlobalSection
	GlobalSection(ExtensibilityGlobals) = postSolution
		SolutionGuid = {72BBD1C4-B108-4371-A383-6AC1366F03C1}
	EndGlobalSection
EndGlobal
