
Microsoft Visual Studio Solution File, Format Version 12.00
# Visual Studio Version 17
VisualStudioVersion = 17.8.34601.278
MinimumVisualStudioVersion = 10.0.40219.1
Project("{FAE04EC0-301F-11D3-BF4B-00C04F79EFBC}") = "lab8_task7", "lab8_task7.csproj", "{4E425643-DE60-49F4-A640-F1E5AA20F69E}"
EndProject
Global
	GlobalSection(SolutionConfigurationPlatforms) = preSolution
		Debug|Any CPU = Debug|Any CPU
		Release|Any CPU = Release|Any CPU
	EndGlobalSection
	GlobalSection(ProjectConfigurationPlatforms) = postSolution
		{4E425643-DE60-49F4-A640-F1E5AA20F69E}.Debug|Any CPU.ActiveCfg = Debug|Any CPU
		{4E425643-DE60-49F4-A640-F1E5AA20F69E}.Debug|Any CPU.Build.0 = Debug|Any CPU
		{4E425643-DE60-49F4-A640-F1E5AA20F69E}.Release|Any CPU.ActiveCfg = Release|Any CPU
		{4E425643-DE60-49F4-A640-F1E5AA20F69E}.Release|Any CPU.Build.0 = Release|Any CPU
	EndGlobalSection
	GlobalSection(SolutionProperties) = preSolution
		HideSolutionNode = FALSE
	EndGlobalSection
	GlobalSection(ExtensibilityGlobals) = postSolution
		SolutionGuid = {4971148C-1809-49CE-910D-1261286CE573}
	EndGlobalSection
EndGlobal
